
Microsoft Visual Studio Solution File, Format Version 12.00
# Visual Studio Version 16
VisualStudioVersion = 16.0.28803.156
MinimumVisualStudioVersion = 10.0.40219.1
Project("{8BC9CEB8-8B4A-11D0-8D11-00A0C91BC942}") = "a-star", "a-star\a-star.vcxproj", "{628E8C79-E144-4911-9838-AE7EAD759205}"
EndProject
Project("{8BC9CEB8-8B4A-11D0-8D11-00A0C91BC942}") = "mazeGEN", "mazeGEN\mazeGEN.vcxproj", "{E2DBA27E-B258-4B9A-BFD9-820C7D3DB942}"
EndProject
Project("{8BC9CEB8-8B4A-11D0-8D11-00A0C91BC942}") = "frogger", "frogger\frogger.vcxproj", "{3F39135A-790A-4D73-A9E7-5998C53781D9}"
EndProject
Project("{8BC9CEB8-8B4A-11D0-8D11-00A0C91BC942}") = "snake", "snake\snake.vcxproj", "{7E0F611B-4451-4219-8491-997E2029C698}"
EndProject
Global
	GlobalSection(SolutionConfigurationPlatforms) = preSolution
		Debug|x64 = Debug|x64
		Debug|x86 = Debug|x86
		Release|x64 = Release|x64
		Release|x86 = Release|x86
	EndGlobalSection
	GlobalSection(ProjectConfigurationPlatforms) = postSolution
		{628E8C79-E144-4911-9838-AE7EAD759205}.Debug|x64.ActiveCfg = Debug|x64
		{628E8C79-E144-4911-9838-AE7EAD759205}.Debug|x64.Build.0 = Debug|x64
		{628E8C79-E144-4911-9838-AE7EAD759205}.Debug|x86.ActiveCfg = Debug|Win32
		{628E8C79-E144-4911-9838-AE7EAD759205}.Debug|x86.Build.0 = Debug|Win32
		{628E8C79-E144-4911-9838-AE7EAD759205}.Release|x64.ActiveCfg = Release|x64
		{628E8C79-E144-4911-9838-AE7EAD759205}.Release|x64.Build.0 = Release|x64
		{628E8C79-E144-4911-9838-AE7EAD759205}.Release|x86.ActiveCfg = Release|Win32
		{628E8C79-E144-4911-9838-AE7EAD759205}.Release|x86.Build.0 = Release|Win32
		{E2DBA27E-B258-4B9A-BFD9-820C7D3DB942}.Debug|x64.ActiveCfg = Debug|x64
		{E2DBA27E-B258-4B9A-BFD9-820C7D3DB942}.Debug|x64.Build.0 = Debug|x64
		{E2DBA27E-B258-4B9A-BFD9-820C7D3DB942}.Debug|x86.ActiveCfg = Debug|Win32
		{E2DBA27E-B258-4B9A-BFD9-820C7D3DB942}.Debug|x86.Build.0 = Debug|Win32
		{E2DBA27E-B258-4B9A-BFD9-820C7D3DB942}.Release|x64.ActiveCfg = Release|x64
		{E2DBA27E-B258-4B9A-BFD9-820C7D3DB942}.Release|x64.Build.0 = Release|x64
		{E2DBA27E-B258-4B9A-BFD9-820C7D3DB942}.Release|x86.ActiveCfg = Release|Win32
		{E2DBA27E-B258-4B9A-BFD9-820C7D3DB942}.Release|x86.Build.0 = Release|Win32
		{3F39135A-790A-4D73-A9E7-5998C53781D9}.Debug|x64.ActiveCfg = Debug|x64
		{3F39135A-790A-4D73-A9E7-5998C53781D9}.Debug|x64.Build.0 = Debug|x64
		{3F39135A-790A-4D73-A9E7-5998C53781D9}.Debug|x86.ActiveCfg = Debug|Win32
		{3F39135A-790A-4D73-A9E7-5998C53781D9}.Debug|x86.Build.0 = Debug|Win32
		{3F39135A-790A-4D73-A9E7-5998C53781D9}.Release|x64.ActiveCfg = Release|x64
		{3F39135A-790A-4D73-A9E7-5998C53781D9}.Release|x64.Build.0 = Release|x64
		{3F39135A-790A-4D73-A9E7-5998C53781D9}.Release|x86.ActiveCfg = Release|Win32
		{3F39135A-790A-4D73-A9E7-5998C53781D9}.Release|x86.Build.0 = Release|Win32
		{7E0F611B-4451-4219-8491-997E2029C698}.Debug|x64.ActiveCfg = Debug|x64
		{7E0F611B-4451-4219-8491-997E2029C698}.Debug|x64.Build.0 = Debug|x64
		{7E0F611B-4451-4219-8491-997E2029C698}.Debug|x86.ActiveCfg = Debug|Win32
		{7E0F611B-4451-4219-8491-997E2029C698}.Debug|x86.Build.0 = Debug|Win32
		{7E0F611B-4451-4219-8491-997E2029C698}.Release|x64.ActiveCfg = Release|x64
		{7E0F611B-4451-4219-8491-997E2029C698}.Release|x64.Build.0 = Release|x64
		{7E0F611B-4451-4219-8491-997E2029C698}.Release|x86.ActiveCfg = Release|Win32
		{7E0F611B-4451-4219-8491-997E2029C698}.Release|x86.Build.0 = Release|Win32
	EndGlobalSection
	GlobalSection(SolutionProperties) = preSolution
		HideSolutionNode = FALSE
	EndGlobalSection
	GlobalSection(ExtensibilityGlobals) = postSolution
		SolutionGuid = {4051B91C-B336-4101-BDA7-DE2C7DE7C2B4}
	EndGlobalSection
EndGlobal
